
Microsoft Visual Studio Solution File, Format Version 12.00
# Visual Studio 14
VisualStudioVersion = 14.0.25420.1
MinimumVisualStudioVersion = 10.0.40219.1
Project("{FAE04EC0-301F-11D3-BF4B-00C04F79EFBC}") = "PracticalIoC", "PracticalIoC\PracticalIoC.csproj", "{D6EBB0DE-48C5-4A0D-884C-6FADB22D6F54}"
EndProject
Project("{FAE04EC0-301F-11D3-BF4B-00C04F79EFBC}") = "PracticalIoC.Tests", "PracticalIoC.Tests\PracticalIoC.Tests.csproj", "{E9CE88E4-D179-4B64-B747-28030B7B01E9}"
EndProject
Global
	GlobalSection(SolutionConfigurationPlatforms) = preSolution
		Debug|Any CPU = Debug|Any CPU
		Release|Any CPU = Release|Any CPU
	EndGlobalSection
	GlobalSection(ProjectConfigurationPlatforms) = postSolution
		{D6EBB0DE-48C5-4A0D-884C-6FADB22D6F54}.Debug|Any CPU.ActiveCfg = Debug|Any CPU
		{D6EBB0DE-48C5-4A0D-884C-6FADB22D6F54}.Debug|Any CPU.Build.0 = Debug|Any CPU
		{D6EBB0DE-48C5-4A0D-884C-6FADB22D6F54}.Release|Any CPU.ActiveCfg = Release|Any CPU
		{D6EBB0DE-48C5-4A0D-884C-6FADB22D6F54}.Release|Any CPU.Build.0 = Release|Any CPU
		{E9CE88E4-D179-4B64-B747-28030B7B01E9}.Debug|Any CPU.ActiveCfg = Debug|Any CPU
		{E9CE88E4-D179-4B64-B747-28030B7B01E9}.Debug|Any CPU.Build.0 = Debug|Any CPU
		{E9CE88E4-D179-4B64-B747-28030B7B01E9}.Release|Any CPU.ActiveCfg = Release|Any CPU
		{E9CE88E4-D179-4B64-B747-28030B7B01E9}.Release|Any CPU.Build.0 = Release|Any CPU
	EndGlobalSection
	GlobalSection(SolutionProperties) = preSolution
		HideSolutionNode = FALSE
	EndGlobalSection
EndGlobal
